// !$*UTF8*$!
{
	archiveVersion = 1;
	classes = {
	};
	objectVersion = 77;
	objects = {

/* Begin PBXBuildFile section */
		2B026B212E2911CC0014D0FA /* SwiftSDK in Frameworks */ = {isa = PBXBuildFile; productRef = 2B026B202E2911CC0014D0FA /* SwiftSDK */; };
		2B026B242E2912130014D0FA /* SwiftSDK in Frameworks */ = {isa = PBXBuildFile; productRef = 2B026B232E2912130014D0FA /* SwiftSDK */; };
		2B3C514C2E2A943F00B5F0C7 /* SwiftSDK in Frameworks */ = {isa = PBXBuildFile; productRef = 2B3C514B2E2A943F00B5F0C7 /* SwiftSDK */; };
		2BA3CB662E2EA66B00797E97 /* MyndCore in Frameworks */ = {isa = PBXBuildFile; productRef = 2BA3CB652E2EA66B00797E97 /* MyndCore */; };
		2BE550952E2A914300F22836 /* SwiftSDK in Frameworks */ = {isa = PBXBuildFile; productRef = 2BE550942E2A914300F22836 /* SwiftSDK */; };
		2BE550A62E2A91F300F22836 /* SwiftSDK in Frameworks */ = {isa = PBXBuildFile; productRef = 2BE550A52E2A91F300F22836 /* SwiftSDK */; };
		2BE550A92E2A92CC00F22836 /* SwiftSDK in Frameworks */ = {isa = PBXBuildFile; productRef = 2BE550A82E2A92CC00F22836 /* SwiftSDK */; };
		2BEE40FB2E2E9FCF000322DD /* MyndCore in Frameworks */ = {isa = PBXBuildFile; productRef = 2BEE40FA2E2E9FCF000322DD /* MyndCore */; };
		2BEE40FE2E2EA024000322DD /* MyndCore in Frameworks */ = {isa = PBXBuildFile; productRef = 2BEE40FD2E2EA024000322DD /* MyndCore */; };
/* End PBXBuildFile section */

/* Begin PBXContainerItemProxy section */
		2B026B032E2910FD0014D0FA /* PBXContainerItemProxy */ = {
			isa = PBXContainerItemProxy;
			containerPortal = 2B026AED2E2910FC0014D0FA /* Project object */;
			proxyType = 1;
			remoteGlobalIDString = 2B026AF42E2910FC0014D0FA;
			remoteInfo = IOSTest;
		};
		2B026B0D2E2910FD0014D0FA /* PBXContainerItemProxy */ = {
			isa = PBXContainerItemProxy;
			containerPortal = 2B026AED2E2910FC0014D0FA /* Project object */;
			proxyType = 1;
			remoteGlobalIDString = 2B026AF42E2910FC0014D0FA;
			remoteInfo = IOSTest;
		};
/* End PBXContainerItemProxy section */

/* Begin PBXFileReference section */
		2B026AF52E2910FC0014D0FA /* IOSTest.app */ = {isa = PBXFileReference; explicitFileType = wrapper.application; includeInIndex = 0; path = IOSTest.app; sourceTree = BUILT_PRODUCTS_DIR; };
		2B026B022E2910FD0014D0FA /* IOSTestTests.xctest */ = {isa = PBXFileReference; explicitFileType = wrapper.cfbundle; includeInIndex = 0; path = IOSTestTests.xctest; sourceTree = BUILT_PRODUCTS_DIR; };
		2B026B0C2E2910FD0014D0FA /* IOSTestUITests.xctest */ = {isa = PBXFileReference; explicitFileType = wrapper.cfbundle; includeInIndex = 0; path = IOSTestUITests.xctest; sourceTree = BUILT_PRODUCTS_DIR; };
/* End PBXFileReference section */

/* Begin PBXFileSystemSynchronizedRootGroup section */
		2B026AF72E2910FC0014D0FA /* IOSTest */ = {
			isa = PBXFileSystemSynchronizedRootGroup;
			path = IOSTest;
			sourceTree = "<group>";
		};
/* End PBXFileSystemSynchronizedRootGroup section */

/* Begin PBXFrameworksBuildPhase section */
		2B026AF22E2910FC0014D0FA /* Frameworks */ = {
			isa = PBXFrameworksBuildPhase;
			buildActionMask = 2147483647;
			files = (
				2B026B212E2911CC0014D0FA /* SwiftSDK in Frameworks */,
				2BEE40FE2E2EA024000322DD /* MyndCore in Frameworks */,
				2BEE40FB2E2E9FCF000322DD /* MyndCore in Frameworks */,
				2B3C514C2E2A943F00B5F0C7 /* SwiftSDK in Frameworks */,
				2BA3CB662E2EA66B00797E97 /* MyndCore in Frameworks */,
				2BE550A92E2A92CC00F22836 /* SwiftSDK in Frameworks */,
				2BE550952E2A914300F22836 /* SwiftSDK in Frameworks */,
				2B026B242E2912130014D0FA /* SwiftSDK in Frameworks */,
				2BE550A62E2A91F300F22836 /* SwiftSDK in Frameworks */,
			);
			runOnlyForDeploymentPostprocessing = 0;
		};
		2B026AFF2E2910FD0014D0FA /* Frameworks */ = {
			isa = PBXFrameworksBuildPhase;
			buildActionMask = 2147483647;
			files = (
			);
			runOnlyForDeploymentPostprocessing = 0;
		};
		2B026B092E2910FD0014D0FA /* Frameworks */ = {
			isa = PBXFrameworksBuildPhase;
			buildActionMask = 2147483647;
			files = (
			);
			runOnlyForDeploymentPostprocessing = 0;
		};
/* End PBXFrameworksBuildPhase section */

/* Begin PBXGroup section */
		2B026AEC2E2910FC0014D0FA = {
			isa = PBXGroup;
			children = (
				2B026AF72E2910FC0014D0FA /* IOSTest */,
				2B026AF62E2910FC0014D0FA /* Products */,
			);
			sourceTree = "<group>";
		};
		2B026AF62E2910FC0014D0FA /* Products */ = {
			isa = PBXGroup;
			children = (
				2B026AF52E2910FC0014D0FA /* IOSTest.app */,
				2B026B022E2910FD0014D0FA /* IOSTestTests.xctest */,
				2B026B0C2E2910FD0014D0FA /* IOSTestUITests.xctest */,
			);
			name = Products;
			sourceTree = "<group>";
		};
/* End PBXGroup section */

/* Begin PBXNativeTarget section */
		2B026AF42E2910FC0014D0FA /* IOSTest */ = {
			isa = PBXNativeTarget;
			buildConfigurationList = 2B026B162E2910FD0014D0FA /* Build configuration list for PBXNativeTarget "IOSTest" */;
			buildPhases = (
				2B026AF12E2910FC0014D0FA /* Sources */,
				2B026AF22E2910FC0014D0FA /* Frameworks */,
				2B026AF32E2910FC0014D0FA /* Resources */,
			);
			buildRules = (
			);
			dependencies = (
			);
			fileSystemSynchronizedGroups = (
				2B026AF72E2910FC0014D0FA /* IOSTest */,
			);
			name = IOSTest;
			packageProductDependencies = (
				2B026B202E2911CC0014D0FA /* SwiftSDK */,
				2B026B232E2912130014D0FA /* SwiftSDK */,
				2BE550942E2A914300F22836 /* SwiftSDK */,
				2BE550A52E2A91F300F22836 /* SwiftSDK */,
				2BE550A82E2A92CC00F22836 /* SwiftSDK */,
				2B3C514B2E2A943F00B5F0C7 /* SwiftSDK */,
				2BEE40FA2E2E9FCF000322DD /* MyndCore */,
				2BEE40FD2E2EA024000322DD /* MyndCore */,
				2BA3CB652E2EA66B00797E97 /* MyndCore */,
			);
			productName = IOSTest;
			productReference = 2B026AF52E2910FC0014D0FA /* IOSTest.app */;
			productType = "com.apple.product-type.application";
		};
		2B026B012E2910FD0014D0FA /* IOSTestTests */ = {
			isa = PBXNativeTarget;
			buildConfigurationList = 2B026B192E2910FD0014D0FA /* Build configuration list for PBXNativeTarget "IOSTestTests" */;
			buildPhases = (
				2B026AFE2E2910FD0014D0FA /* Sources */,
				2B026AFF2E2910FD0014D0FA /* Frameworks */,
				2B026B002E2910FD0014D0FA /* Resources */,
			);
			buildRules = (
			);
			dependencies = (
				2B026B042E2910FD0014D0FA /* PBXTargetDependency */,
			);
			name = IOSTestTests;
			packageProductDependencies = (
			);
			productName = IOSTestTests;
			productReference = 2B026B022E2910FD0014D0FA /* IOSTestTests.xctest */;
			productType = "com.apple.product-type.bundle.unit-test";
		};
		2B026B0B2E2910FD0014D0FA /* IOSTestUITests */ = {
			isa = PBXNativeTarget;
			buildConfigurationList = 2B026B1C2E2910FD0014D0FA /* Build configuration list for PBXNativeTarget "IOSTestUITests" */;
			buildPhases = (
				2B026B082E2910FD0014D0FA /* Sources */,
				2B026B092E2910FD0014D0FA /* Frameworks */,
				2B026B0A2E2910FD0014D0FA /* Resources */,
			);
			buildRules = (
			);
			dependencies = (
				2B026B0E2E2910FD0014D0FA /* PBXTargetDependency */,
			);
			name = IOSTestUITests;
			packageProductDependencies = (
			);
			productName = IOSTestUITests;
			productReference = 2B026B0C2E2910FD0014D0FA /* IOSTestUITests.xctest */;
			productType = "com.apple.product-type.bundle.ui-testing";
		};
/* End PBXNativeTarget section */

/* Begin PBXProject section */
		2B026AED2E2910FC0014D0FA /* Project object */ = {
			isa = PBXProject;
			attributes = {
				BuildIndependentTargetsInParallel = 1;
				LastSwiftUpdateCheck = 1640;
				LastUpgradeCheck = 1640;
				TargetAttributes = {
					2B026AF42E2910FC0014D0FA = {
						CreatedOnToolsVersion = 16.4;
					};
					2B026B012E2910FD0014D0FA = {
						CreatedOnToolsVersion = 16.4;
						TestTargetID = 2B026AF42E2910FC0014D0FA;
					};
					2B026B0B2E2910FD0014D0FA = {
						CreatedOnToolsVersion = 16.4;
						TestTargetID = 2B026AF42E2910FC0014D0FA;
					};
				};
			};
			buildConfigurationList = 2B026AF02E2910FC0014D0FA /* Build configuration list for PBXProject "IOSTest" */;
			developmentRegion = en;
			hasScannedForEncodings = 0;
			knownRegions = (
				en,
				Base,
			);
			mainGroup = 2B026AEC2E2910FC0014D0FA;
			minimizedProjectReferenceProxies = 1;
			packageReferences = (
				2BA3CB642E2EA66B00797E97 /* XCLocalSwiftPackageReference "../../swift-sdk" */,
			);
			preferredProjectObjectVersion = 77;
			productRefGroup = 2B026AF62E2910FC0014D0FA /* Products */;
			projectDirPath = "";
			projectRoot = "";
			targets = (
				2B026AF42E2910FC0014D0FA /* IOSTest */,
				2B026B012E2910FD0014D0FA /* IOSTestTests */,
				2B026B0B2E2910FD0014D0FA /* IOSTestUITests */,
			);
		};
/* End PBXProject section */

/* Begin PBXResourcesBuildPhase section */
		2B026AF32E2910FC0014D0FA /* Resources */ = {
			isa = PBXResourcesBuildPhase;
			buildActionMask = 2147483647;
			files = (
			);
			runOnlyForDeploymentPostprocessing = 0;
		};
		2B026B002E2910FD0014D0FA /* Resources */ = {
			isa = PBXResourcesBuildPhase;
			buildActionMask = 2147483647;
			files = (
			);
			runOnlyForDeploymentPostprocessing = 0;
		};
		2B026B0A2E2910FD0014D0FA /* Resources */ = {
			isa = PBXResourcesBuildPhase;
			buildActionMask = 2147483647;
			files = (
			);
			runOnlyForDeploymentPostprocessing = 0;
		};
/* End PBXResourcesBuildPhase section */

/* Begin PBXSourcesBuildPhase section */
		2B026AF12E2910FC0014D0FA /* Sources */ = {
			isa = PBXSourcesBuildPhase;
			buildActionMask = 2147483647;
			files = (
			);
			runOnlyForDeploymentPostprocessing = 0;
		};
		2B026AFE2E2910FD0014D0FA /* Sources */ = {
			isa = PBXSourcesBuildPhase;
			buildActionMask = 2147483647;
			files = (
			);
			runOnlyForDeploymentPostprocessing = 0;
		};
		2B026B082E2910FD0014D0FA /* Sources */ = {
			isa = PBXSourcesBuildPhase;
			buildActionMask = 2147483647;
			files = (
			);
			runOnlyForDeploymentPostprocessing = 0;
		};
/* End PBXSourcesBuildPhase section */

/* Begin PBXTargetDependency section */
		2B026B042E2910FD0014D0FA /* PBXTargetDependency */ = {
			isa = PBXTargetDependency;
			target = 2B026AF42E2910FC0014D0FA /* IOSTest */;
			targetProxy = 2B026B032E2910FD0014D0FA /* PBXContainerItemProxy */;
		};
		2B026B0E2E2910FD0014D0FA /* PBXTargetDependency */ = {
			isa = PBXTargetDependency;
			target = 2B026AF42E2910FC0014D0FA /* IOSTest */;
			targetProxy = 2B026B0D2E2910FD0014D0FA /* PBXContainerItemProxy */;
		};
/* End PBXTargetDependency section */

/* Begin XCBuildConfiguration section */
		2B026B142E2910FD0014D0FA /* Debug */ = {
			isa = XCBuildConfiguration;
			buildSettings = {
				ALWAYS_SEARCH_USER_PATHS = NO;
				ASSETCATALOG_COMPILER_GENERATE_SWIFT_ASSET_SYMBOL_EXTENSIONS = YES;
				CLANG_ANALYZER_NONNULL = YES;
				CLANG_ANALYZER_NUMBER_OBJECT_CONVERSION = YES_AGGRESSIVE;
				CLANG_CXX_LANGUAGE_STANDARD = "gnu++20";
				CLANG_ENABLE_MODULES = YES;
				CLANG_ENABLE_OBJC_ARC = YES;
				CLANG_ENABLE_OBJC_WEAK = YES;
				CLANG_WARN_BLOCK_CAPTURE_AUTORELEASING = YES;
				CLANG_WARN_BOOL_CONVERSION = YES;
				CLANG_WARN_COMMA = YES;
				CLANG_WARN_CONSTANT_CONVERSION = YES;
				CLANG_WARN_DEPRECATED_OBJC_IMPLEMENTATIONS = YES;
				CLANG_WARN_DIRECT_OBJC_ISA_USAGE = YES_ERROR;
				CLANG_WARN_DOCUMENTATION_COMMENTS = YES;
				CLANG_WARN_EMPTY_BODY = YES;
				CLANG_WARN_ENUM_CONVERSION = YES;
				CLANG_WARN_INFINITE_RECURSION = YES;
				CLANG_WARN_INT_CONVERSION = YES;
				CLANG_WARN_NON_LITERAL_NULL_CONVERSION = YES;
				CLANG_WARN_OBJC_IMPLICIT_RETAIN_SELF = YES;
				CLANG_WARN_OBJC_LITERAL_CONVERSION = YES;
				CLANG_WARN_OBJC_ROOT_CLASS = YES_ERROR;
				CLANG_WARN_QUOTED_INCLUDE_IN_FRAMEWORK_HEADER = YES;
				CLANG_WARN_RANGE_LOOP_ANALYSIS = YES;
				CLANG_WARN_STRICT_PROTOTYPES = YES;
				CLANG_WARN_SUSPICIOUS_MOVE = YES;
				CLANG_WARN_UNGUARDED_AVAILABILITY = YES_AGGRESSIVE;
				CLANG_WARN_UNREACHABLE_CODE = YES;
				CLANG_WARN__DUPLICATE_METHOD_MATCH = YES;
				COPY_PHASE_STRIP = NO;
				DEBUG_INFORMATION_FORMAT = dwarf;
				ENABLE_STRICT_OBJC_MSGSEND = YES;
				ENABLE_TESTABILITY = YES;
				ENABLE_USER_SCRIPT_SANDBOXING = YES;
				GCC_C_LANGUAGE_STANDARD = gnu17;
				GCC_DYNAMIC_NO_PIC = NO;
				GCC_NO_COMMON_BLOCKS = YES;
				GCC_OPTIMIZATION_LEVEL = 0;
				GCC_PREPROCESSOR_DEFINITIONS = (
					"DEBUG=1",
					"$(inherited)",
				);
				GCC_WARN_64_TO_32_BIT_CONVERSION = YES;
				GCC_WARN_ABOUT_RETURN_TYPE = YES_ERROR;
				GCC_WARN_UNDECLARED_SELECTOR = YES;
				GCC_WARN_UNINITIALIZED_AUTOS = YES_AGGRESSIVE;
				GCC_WARN_UNUSED_FUNCTION = YES;
				GCC_WARN_UNUSED_VARIABLE = YES;
				IPHONEOS_DEPLOYMENT_TARGET = 18.5;
				LOCALIZATION_PREFERS_STRING_CATALOGS = YES;
				MTL_ENABLE_DEBUG_INFO = INCLUDE_SOURCE;
				MTL_FAST_MATH = YES;
				ONLY_ACTIVE_ARCH = YES;
				SDKROOT = iphoneos;
				SWIFT_ACTIVE_COMPILATION_CONDITIONS = "DEBUG $(inherited)";
				SWIFT_OPTIMIZATION_LEVEL = "-Onone";
			};
			name = Debug;
		};
		2B026B152E2910FD0014D0FA /* Release */ = {
			isa = XCBuildConfiguration;
			buildSettings = {
				ALWAYS_SEARCH_USER_PATHS = NO;
				ASSETCATALOG_COMPILER_GENERATE_SWIFT_ASSET_SYMBOL_EXTENSIONS = YES;
				CLANG_ANALYZER_NONNULL = YES;
				CLANG_ANALYZER_NUMBER_OBJECT_CONVERSION = YES_AGGRESSIVE;
				CLANG_CXX_LANGUAGE_STANDARD = "gnu++20";
				CLANG_ENABLE_MODULES = YES;
				CLANG_ENABLE_OBJC_ARC = YES;
				CLANG_ENABLE_OBJC_WEAK = YES;
				CLANG_WARN_BLOCK_CAPTURE_AUTORELEASING = YES;
				CLANG_WARN_BOOL_CONVERSION = YES;
				CLANG_WARN_COMMA = YES;
				CLANG_WARN_CONSTANT_CONVERSION = YES;
				CLANG_WARN_DEPRECATED_OBJC_IMPLEMENTATIONS = YES;
				CLANG_WARN_DIRECT_OBJC_ISA_USAGE = YES_ERROR;
				CLANG_WARN_DOCUMENTATION_COMMENTS = YES;
				CLANG_WARN_EMPTY_BODY = YES;
				CLANG_WARN_ENUM_CONVERSION = YES;
				CLANG_WARN_INFINITE_RECURSION = YES;
				CLANG_WARN_INT_CONVERSION = YES;
				CLANG_WARN_NON_LITERAL_NULL_CONVERSION = YES;
				CLANG_WARN_OBJC_IMPLICIT_RETAIN_SELF = YES;
				CLANG_WARN_OBJC_LITERAL_CONVERSION = YES;
				CLANG_WARN_OBJC_ROOT_CLASS = YES_ERROR;
				CLANG_WARN_QUOTED_INCLUDE_IN_FRAMEWORK_HEADER = YES;
				CLANG_WARN_RANGE_LOOP_ANALYSIS = YES;
				CLANG_WARN_STRICT_PROTOTYPES = YES;
				CLANG_WARN_SUSPICIOUS_MOVE = YES;
				CLANG_WARN_UNGUARDED_AVAILABILITY = YES_AGGRESSIVE;
				CLANG_WARN_UNREACHABLE_CODE = YES;
				CLANG_WARN__DUPLICATE_METHOD_MATCH = YES;
				COPY_PHASE_STRIP = NO;
				DEBUG_INFORMATION_FORMAT = "dwarf-with-dsym";
				ENABLE_NS_ASSERTIONS = NO;
				ENABLE_STRICT_OBJC_MSGSEND = YES;
				ENABLE_USER_SCRIPT_SANDBOXING = YES;
				GCC_C_LANGUAGE_STANDARD = gnu17;
				GCC_NO_COMMON_BLOCKS = YES;
				GCC_WARN_64_TO_32_BIT_CONVERSION = YES;
				GCC_WARN_ABOUT_RETURN_TYPE = YES_ERROR;
				GCC_WARN_UNDECLARED_SELECTOR = YES;
				GCC_WARN_UNINITIALIZED_AUTOS = YES_AGGRESSIVE;
				GCC_WARN_UNUSED_FUNCTION = YES;
				GCC_WARN_UNUSED_VARIABLE = YES;
				IPHONEOS_DEPLOYMENT_TARGET = 18.5;
				LOCALIZATION_PREFERS_STRING_CATALOGS = YES;
				MTL_ENABLE_DEBUG_INFO = NO;
				MTL_FAST_MATH = YES;
				SDKROOT = iphoneos;
				SWIFT_COMPILATION_MODE = wholemodule;
				VALIDATE_PRODUCT = YES;
			};
			name = Release;
		};
		2B026B172E2910FD0014D0FA /* Debug */ = {
			isa = XCBuildConfiguration;
			buildSettings = {
				ASSETCATALOG_COMPILER_APPICON_NAME = AppIcon;
				ASSETCATALOG_COMPILER_GLOBAL_ACCENT_COLOR_NAME = AccentColor;
				CODE_SIGN_IDENTITY = "Apple Development";
				CODE_SIGN_STYLE = Automatic;
				CURRENT_PROJECT_VERSION = 1;
				DEVELOPMENT_TEAM = QJJZAX94JA;
				ENABLE_PREVIEWS = YES;
				GENERATE_INFOPLIST_FILE = YES;
				INFOPLIST_KEY_UIApplicationSceneManifest_Generation = YES;
				INFOPLIST_KEY_UIApplicationSupportsIndirectInputEvents = YES;
				INFOPLIST_KEY_UIBackgroundModes = audio;
				INFOPLIST_KEY_UILaunchScreen_Generation = YES;
				INFOPLIST_KEY_UISupportedInterfaceOrientations_iPad = "UIInterfaceOrientationPortrait UIInterfaceOrientationPortraitUpsideDown UIInterfaceOrientationLandscapeLeft UIInterfaceOrientationLandscapeRight";
				INFOPLIST_KEY_UISupportedInterfaceOrientations_iPhone = "UIInterfaceOrientationPortrait UIInterfaceOrientationLandscapeLeft UIInterfaceOrientationLandscapeRight";
				LD_RUNPATH_SEARCH_PATHS = (
					"$(inherited)",
					"@executable_path/Frameworks",
				);
				MARKETING_VERSION = 1.0;
				PRODUCT_BUNDLE_IDENTIFIER = com.general.aladeen.IOSTest;
				PRODUCT_NAME = "$(TARGET_NAME)";
				PROVISIONING_PROFILE_SPECIFIER = "";
				SWIFT_EMIT_LOC_STRINGS = YES;
				SWIFT_VERSION = 5.0;
				TARGETED_DEVICE_FAMILY = "1,2";
			};
			name = Debug;
		};
		2B026B182E2910FD0014D0FA /* Release */ = {
			isa = XCBuildConfiguration;
			buildSettings = {
				ASSETCATALOG_COMPILER_APPICON_NAME = AppIcon;
				ASSETCATALOG_COMPILER_GLOBAL_ACCENT_COLOR_NAME = AccentColor;
				CODE_SIGN_IDENTITY = "Apple Development";
				CODE_SIGN_STYLE = Automatic;
				CURRENT_PROJECT_VERSION = 1;
				DEVELOPMENT_TEAM = QJJZAX94JA;
				ENABLE_PREVIEWS = YES;
				GENERATE_INFOPLIST_FILE = YES;
				INFOPLIST_KEY_UIApplicationSceneManifest_Generation = YES;
				INFOPLIST_KEY_UIApplicationSupportsIndirectInputEvents = YES;
				INFOPLIST_KEY_UIBackgroundModes = audio;
				INFOPLIST_KEY_UILaunchScreen_Generation = YES;
				INFOPLIST_KEY_UISupportedInterfaceOrientations_iPad = "UIInterfaceOrientationPortrait UIInterfaceOrientationPortraitUpsideDown UIInterfaceOrientationLandscapeLeft UIInterfaceOrientationLandscapeRight";
				INFOPLIST_KEY_UISupportedInterfaceOrientations_iPhone = "UIInterfaceOrientationPortrait UIInterfaceOrientationLandscapeLeft UIInterfaceOrientationLandscapeRight";
				LD_RUNPATH_SEARCH_PATHS = (
					"$(inherited)",
					"@executable_path/Frameworks",
				);
				MARKETING_VERSION = 1.0;
				PRODUCT_BUNDLE_IDENTIFIER = com.general.aladeen.IOSTest;
				PRODUCT_NAME = "$(TARGET_NAME)";
				PROVISIONING_PROFILE_SPECIFIER = "";
				SWIFT_EMIT_LOC_STRINGS = YES;
				SWIFT_VERSION = 5.0;
				TARGETED_DEVICE_FAMILY = "1,2";
			};
			name = Release;
		};
		2B026B1A2E2910FD0014D0FA /* Debug */ = {
			isa = XCBuildConfiguration;
			buildSettings = {
				BUNDLE_LOADER = "$(TEST_HOST)";
				CODE_SIGN_STYLE = Automatic;
				CURRENT_PROJECT_VERSION = 1;
				GENERATE_INFOPLIST_FILE = YES;
				IPHONEOS_DEPLOYMENT_TARGET = 18.5;
				MARKETING_VERSION = 1.0;
				PRODUCT_BUNDLE_IDENTIFIER = com.general.aladeen.IOSTestTests;
				PRODUCT_NAME = "$(TARGET_NAME)";
				SWIFT_EMIT_LOC_STRINGS = NO;
				SWIFT_VERSION = 5.0;
				TARGETED_DEVICE_FAMILY = "1,2";
				TEST_HOST = "$(BUILT_PRODUCTS_DIR)/IOSTest.app/$(BUNDLE_EXECUTABLE_FOLDER_PATH)/IOSTest";
			};
			name = Debug;
		};
		2B026B1B2E2910FD0014D0FA /* Release */ = {
			isa = XCBuildConfiguration;
			buildSettings = {
				BUNDLE_LOADER = "$(TEST_HOST)";
				CODE_SIGN_STYLE = Automatic;
				CURRENT_PROJECT_VERSION = 1;
				GENERATE_INFOPLIST_FILE = YES;
				IPHONEOS_DEPLOYMENT_TARGET = 18.5;
				MARKETING_VERSION = 1.0;
				PRODUCT_BUNDLE_IDENTIFIER = com.general.aladeen.IOSTestTests;
				PRODUCT_NAME = "$(TARGET_NAME)";
				SWIFT_EMIT_LOC_STRINGS = NO;
				SWIFT_VERSION = 5.0;
				TARGETED_DEVICE_FAMILY = "1,2";
				TEST_HOST = "$(BUILT_PRODUCTS_DIR)/IOSTest.app/$(BUNDLE_EXECUTABLE_FOLDER_PATH)/IOSTest";
			};
			name = Release;
		};
		2B026B1D2E2910FD0014D0FA /* Debug */ = {
			isa = XCBuildConfiguration;
			buildSettings = {
				CODE_SIGN_STYLE = Automatic;
				CURRENT_PROJECT_VERSION = 1;
				GENERATE_INFOPLIST_FILE = YES;
				MARKETING_VERSION = 1.0;
				PRODUCT_BUNDLE_IDENTIFIER = com.general.aladeen.IOSTestUITests;
				PRODUCT_NAME = "$(TARGET_NAME)";
				SWIFT_EMIT_LOC_STRINGS = NO;
				SWIFT_VERSION = 5.0;
				TARGETED_DEVICE_FAMILY = "1,2";
				TEST_TARGET_NAME = IOSTest;
			};
			name = Debug;
		};
		2B026B1E2E2910FD0014D0FA /* Release */ = {
			isa = XCBuildConfiguration;
			buildSettings = {
				CODE_SIGN_STYLE = Automatic;
				CURRENT_PROJECT_VERSION = 1;
				GENERATE_INFOPLIST_FILE = YES;
				MARKETING_VERSION = 1.0;
				PRODUCT_BUNDLE_IDENTIFIER = com.general.aladeen.IOSTestUITests;
				PRODUCT_NAME = "$(TARGET_NAME)";
				SWIFT_EMIT_LOC_STRINGS = NO;
				SWIFT_VERSION = 5.0;
				TARGETED_DEVICE_FAMILY = "1,2";
				TEST_TARGET_NAME = IOSTest;
			};
			name = Release;
		};
/* End XCBuildConfiguration section */

/* Begin XCConfigurationList section */
		2B026AF02E2910FC0014D0FA /* Build configuration list for PBXProject "IOSTest" */ = {
			isa = XCConfigurationList;
			buildConfigurations = (
				2B026B142E2910FD0014D0FA /* Debug */,
				2B026B152E2910FD0014D0FA /* Release */,
			);
			defaultConfigurationIsVisible = 0;
			defaultConfigurationName = Release;
		};
		2B026B162E2910FD0014D0FA /* Build configuration list for PBXNativeTarget "IOSTest" */ = {
			isa = XCConfigurationList;
			buildConfigurations = (
				2B026B172E2910FD0014D0FA /* Debug */,
				2B026B182E2910FD0014D0FA /* Release */,
			);
			defaultConfigurationIsVisible = 0;
			defaultConfigurationName = Release;
		};
		2B026B192E2910FD0014D0FA /* Build configuration list for PBXNativeTarget "IOSTestTests" */ = {
			isa = XCConfigurationList;
			buildConfigurations = (
				2B026B1A2E2910FD0014D0FA /* Debug */,
				2B026B1B2E2910FD0014D0FA /* Release */,
			);
			defaultConfigurationIsVisible = 0;
			defaultConfigurationName = Release;
		};
		2B026B1C2E2910FD0014D0FA /* Build configuration list for PBXNativeTarget "IOSTestUITests" */ = {
			isa = XCConfigurationList;
			buildConfigurations = (
				2B026B1D2E2910FD0014D0FA /* Debug */,
				2B026B1E2E2910FD0014D0FA /* Release */,
			);
			defaultConfigurationIsVisible = 0;
			defaultConfigurationName = Release;
		};
/* End XCConfigurationList section */

/* Begin XCLocalSwiftPackageReference section */
		2BA3CB642E2EA66B00797E97 /* XCLocalSwiftPackageReference "../../swift-sdk" */ = {
			isa = XCLocalSwiftPackageReference;
			relativePath = "../../swift-sdk";
		};
/* End XCLocalSwiftPackageReference section */

/* Begin XCSwiftPackageProductDependency section */
		2B026B202E2911CC0014D0FA /* SwiftSDK */ = {
			isa = XCSwiftPackageProductDependency;
			productName = SwiftSDK;
		};
		2B026B232E2912130014D0FA /* SwiftSDK */ = {
			isa = XCSwiftPackageProductDependency;
			productName = SwiftSDK;
		};
		2B3C514B2E2A943F00B5F0C7 /* SwiftSDK */ = {
			isa = XCSwiftPackageProductDependency;
			productName = SwiftSDK;
		};
		2BA3CB652E2EA66B00797E97 /* MyndCore */ = {
			isa = XCSwiftPackageProductDependency;
			productName = MyndCore;
		};
		2BE550942E2A914300F22836 /* SwiftSDK */ = {
			isa = XCSwiftPackageProductDependency;
			productName = SwiftSDK;
		};
		2BE550A52E2A91F300F22836 /* SwiftSDK */ = {
			isa = XCSwiftPackageProductDependency;
			productName = SwiftSDK;
		};
		2BE550A82E2A92CC00F22836 /* SwiftSDK */ = {
			isa = XCSwiftPackageProductDependency;
			productName = SwiftSDK;
		};
		2BEE40FA2E2E9FCF000322DD /* MyndCore */ = {
			isa = XCSwiftPackageProductDependency;
			productName = MyndCore;
		};
		2BEE40FD2E2EA024000322DD /* MyndCore */ = {
			isa = XCSwiftPackageProductDependency;
			productName = MyndCore;
		};
/* End XCSwiftPackageProductDependency section */
	};
	rootObject = 2B026AED2E2910FC0014D0FA /* Project object */;
}
